// !$*UTF8*$!
{
	archiveVersion = 1;
	classes = {
	};
	objectVersion = 46;
	objects = {

/* Begin PBXBuildFile section */
		4221A3D819CBCBD10016BC47 /* AppDelegate.swift in Sources */ = {isa = PBXBuildFile; fileRef = 4221A3D719CBCBD10016BC47 /* AppDelegate.swift */; };
		4221A3DA19CBCBD10016BC47 /* ViewController.swift in Sources */ = {isa = PBXBuildFile; fileRef = 4221A3D919CBCBD10016BC47 /* ViewController.swift */; };
		4221A3DD19CBCBD10016BC47 /* Main.storyboard in Resources */ = {isa = PBXBuildFile; fileRef = 4221A3DB19CBCBD10016BC47 /* Main.storyboard */; };
		4221A3DF19CBCBD10016BC47 /* Images.xcassets in Resources */ = {isa = PBXBuildFile; fileRef = 4221A3DE19CBCBD10016BC47 /* Images.xcassets */; };
		4221A3EB19CBCBD20016BC47 /* SwiftApp_2Tests.swift in Sources */ = {isa = PBXBuildFile; fileRef = 4221A3EA19CBCBD20016BC47 /* SwiftApp_2Tests.swift */; };
/* End PBXBuildFile section */

/* Begin PBXContainerItemProxy section */
		4221A3E519CBCBD20016BC47 /* PBXContainerItemProxy */ = {
			isa = PBXContainerItemProxy;
			containerPortal = 4221A3CA19CBCBD10016BC47 /* Project object */;
			proxyType = 1;
			remoteGlobalIDString = 4221A3D119CBCBD10016BC47;
			remoteInfo = SwiftApp_2;
		};
/* End PBXContainerItemProxy section */

/* Begin PBXFileReference section */
		4221A3D219CBCBD10016BC47 /* SwiftApp_2.app */ = {isa = PBXFileReference; explicitFileType = wrapper.application; includeInIndex = 0; path = SwiftApp_2.app; sourceTree = BUILT_PRODUCTS_DIR; };
		4221A3D619CBCBD10016BC47 /* Info.plist */ = {isa = PBXFileReference; lastKnownFileType = text.plist.xml; path = Info.plist; sourceTree = "<group>"; };
		4221A3D719CBCBD10016BC47 /* AppDelegate.swift */ = {isa = PBXFileReference; lastKnownFileType = sourcecode.swift; path = AppDelegate.swift; sourceTree = "<group>"; };
		4221A3D919CBCBD10016BC47 /* ViewController.swift */ = {isa = PBXFileReference; lastKnownFileType = sourcecode.swift; path = ViewController.swift; sourceTree = "<group>"; };
		4221A3DC19CBCBD10016BC47 /* Base */ = {isa = PBXFileReference; lastKnownFileType = file.storyboard; name = Base; path = Base.lproj/Main.storyboard; sourceTree = "<group>"; };
		4221A3DE19CBCBD10016BC47 /* Images.xcassets */ = {isa = PBXFileReference; lastKnownFileType = folder.assetcatalog; path = Images.xcassets; sourceTree = "<group>"; };
		4221A3E419CBCBD20016BC47 /* SwiftApp_2Tests.xctest */ = {isa = PBXFileReference; explicitFileType = wrapper.cfbundle; includeInIndex = 0; path = SwiftApp_2Tests.xctest; sourceTree = BUILT_PRODUCTS_DIR; };
		4221A3E919CBCBD20016BC47 /* Info.plist */ = {isa = PBXFileReference; lastKnownFileType = text.plist.xml; path = Info.plist; sourceTree = "<group>"; };
		4221A3EA19CBCBD20016BC47 /* SwiftApp_2Tests.swift */ = {isa = PBXFileReference; lastKnownFileType = sourcecode.swift; path = SwiftApp_2Tests.swift; sourceTree = "<group>"; };
/* End PBXFileReference section */

/* Begin PBXFrameworksBuildPhase section */
		4221A3CF19CBCBD10016BC47 /* Frameworks */ = {
			isa = PBXFrameworksBuildPhase;
			buildActionMask = 2147483647;
			files = (
			);
			runOnlyForDeploymentPostprocessing = 0;
		};
		4221A3E119CBCBD20016BC47 /* Frameworks */ = {
			isa = PBXFrameworksBuildPhase;
			buildActionMask = 2147483647;
			files = (
			);
			runOnlyForDeploymentPostprocessing = 0;
		};
/* End PBXFrameworksBuildPhase section */

/* Begin PBXGroup section */
		4221A3C919CBCBD10016BC47 = {
			isa = PBXGroup;
			children = (
				4221A3D419CBCBD10016BC47 /* SwiftApp_2 */,
				4221A3E719CBCBD20016BC47 /* SwiftApp_2Tests */,
				4221A3D319CBCBD10016BC47 /* Products */,
			);
			sourceTree = "<group>";
		};
		4221A3D319CBCBD10016BC47 /* Products */ = {
			isa = PBXGroup;
			children = (
				4221A3D219CBCBD10016BC47 /* SwiftApp_2.app */,
				4221A3E419CBCBD20016BC47 /* SwiftApp_2Tests.xctest */,
			);
			name = Products;
			sourceTree = "<group>";
		};
		4221A3D419CBCBD10016BC47 /* SwiftApp_2 */ = {
			isa = PBXGroup;
			children = (
				4221A3D719CBCBD10016BC47 /* AppDelegate.swift */,
				4221A3D919CBCBD10016BC47 /* ViewController.swift */,
				4221A3DB19CBCBD10016BC47 /* Main.storyboard */,
				4221A3DE19CBCBD10016BC47 /* Images.xcassets */,
				4221A3D519CBCBD10016BC47 /* Supporting Files */,
			);
			path = SwiftApp_2;
			sourceTree = "<group>";
		};
		4221A3D519CBCBD10016BC47 /* Supporting Files */ = {
			isa = PBXGroup;
			children = (
				4221A3D619CBCBD10016BC47 /* Info.plist */,
			);
			name = "Supporting Files";
			sourceTree = "<group>";
		};
		4221A3E719CBCBD20016BC47 /* SwiftApp_2Tests */ = {
			isa = PBXGroup;
			children = (
				4221A3EA19CBCBD20016BC47 /* SwiftApp_2Tests.swift */,
				4221A3E819CBCBD20016BC47 /* Supporting Files */,
			);
			path = SwiftApp_2Tests;
			sourceTree = "<group>";
		};
		4221A3E819CBCBD20016BC47 /* Supporting Files */ = {
			isa = PBXGroup;
			children = (
				4221A3E919CBCBD20016BC47 /* Info.plist */,
			);
			name = "Supporting Files";
			sourceTree = "<group>";
		};
/* End PBXGroup section */

/* Begin PBXNativeTarget section */
		4221A3D119CBCBD10016BC47 /* SwiftApp_2 */ = {
			isa = PBXNativeTarget;
			buildConfigurationList = 4221A3EE19CBCBD20016BC47 /* Build configuration list for PBXNativeTarget "SwiftApp_2" */;
			buildPhases = (
				4221A3CE19CBCBD10016BC47 /* Sources */,
				4221A3CF19CBCBD10016BC47 /* Frameworks */,
				4221A3D019CBCBD10016BC47 /* Resources */,
			);
			buildRules = (
			);
			dependencies = (
			);
			name = SwiftApp_2;
			productName = SwiftApp_2;
			productReference = 4221A3D219CBCBD10016BC47 /* SwiftApp_2.app */;
			productType = "com.apple.product-type.application";
		};
		4221A3E319CBCBD20016BC47 /* SwiftApp_2Tests */ = {
			isa = PBXNativeTarget;
			buildConfigurationList = 4221A3F119CBCBD20016BC47 /* Build configuration list for PBXNativeTarget "SwiftApp_2Tests" */;
			buildPhases = (
				4221A3E019CBCBD20016BC47 /* Sources */,
				4221A3E119CBCBD20016BC47 /* Frameworks */,
				4221A3E219CBCBD20016BC47 /* Resources */,
			);
			buildRules = (
			);
			dependencies = (
				4221A3E619CBCBD20016BC47 /* PBXTargetDependency */,
			);
			name = SwiftApp_2Tests;
			productName = SwiftApp_2Tests;
			productReference = 4221A3E419CBCBD20016BC47 /* SwiftApp_2Tests.xctest */;
			productType = "com.apple.product-type.bundle.unit-test";
		};
/* End PBXNativeTarget section */

/* Begin PBXProject section */
		4221A3CA19CBCBD10016BC47 /* Project object */ = {
			isa = PBXProject;
			attributes = {
				LastUpgradeCheck = 0600;
				ORGANIZATIONNAME = Hades;
				TargetAttributes = {
					4221A3D119CBCBD10016BC47 = {
						CreatedOnToolsVersion = 6.0;
					};
					4221A3E319CBCBD20016BC47 = {
						CreatedOnToolsVersion = 6.0;
						TestTargetID = 4221A3D119CBCBD10016BC47;
					};
				};
			};
			buildConfigurationList = 4221A3CD19CBCBD10016BC47 /* Build configuration list for PBXProject "SwiftApp_2" */;
			compatibilityVersion = "Xcode 3.2";
			developmentRegion = English;
			hasScannedForEncodings = 0;
			knownRegions = (
				en,
				Base,
			);
			mainGroup = 4221A3C919CBCBD10016BC47;
			productRefGroup = 4221A3D319CBCBD10016BC47 /* Products */;
			projectDirPath = "";
			projectRoot = "";
			targets = (
				4221A3D119CBCBD10016BC47 /* SwiftApp_2 */,
				4221A3E319CBCBD20016BC47 /* SwiftApp_2Tests */,
			);
		};
/* End PBXProject section */

/* Begin PBXResourcesBuildPhase section */
		4221A3D019CBCBD10016BC47 /* Resources */ = {
			isa = PBXResourcesBuildPhase;
			buildActionMask = 2147483647;
			files = (
				4221A3DD19CBCBD10016BC47 /* Main.storyboard in Resources */,
				4221A3DF19CBCBD10016BC47 /* Images.xcassets in Resources */,
			);
			runOnlyForDeploymentPostprocessing = 0;
		};
		4221A3E219CBCBD20016BC47 /* Resources */ = {
			isa = PBXResourcesBuildPhase;
			buildActionMask = 2147483647;
			files = (
			);
			runOnlyForDeploymentPostprocessing = 0;
		};
/* End PBXResourcesBuildPhase section */

/* Begin PBXSourcesBuildPhase section */
		4221A3CE19CBCBD10016BC47 /* Sources */ = {
			isa = PBXSourcesBuildPhase;
			buildActionMask = 2147483647;
			files = (
				4221A3DA19CBCBD10016BC47 /* ViewController.swift in Sources */,
				4221A3D819CBCBD10016BC47 /* AppDelegate.swift in Sources */,
			);
			runOnlyForDeploymentPostprocessing = 0;
		};
		4221A3E019CBCBD20016BC47 /* Sources */ = {
			isa = PBXSourcesBuildPhase;
			buildActionMask = 2147483647;
			files = (
				4221A3EB19CBCBD20016BC47 /* SwiftApp_2Tests.swift in Sources */,
			);
			runOnlyForDeploymentPostprocessing = 0;
		};
/* End PBXSourcesBuildPhase section */

/* Begin PBXTargetDependency section */
		4221A3E619CBCBD20016BC47 /* PBXTargetDependency */ = {
			isa = PBXTargetDependency;
			target = 4221A3D119CBCBD10016BC47 /* SwiftApp_2 */;
			targetProxy = 4221A3E519CBCBD20016BC47 /* PBXContainerItemProxy */;
		};
/* End PBXTargetDependency section */

/* Begin PBXVariantGroup section */
		4221A3DB19CBCBD10016BC47 /* Main.storyboard */ = {
			isa = PBXVariantGroup;
			children = (
				4221A3DC19CBCBD10016BC47 /* Base */,
			);
			name = Main.storyboard;
			sourceTree = "<group>";
		};
/* End PBXVariantGroup section */

/* Begin XCBuildConfiguration section */
		4221A3EC19CBCBD20016BC47 /* Debug */ = {
			isa = XCBuildConfiguration;
			buildSettings = {
				ALWAYS_SEARCH_USER_PATHS = NO;
				CLANG_CXX_LANGUAGE_STANDARD = "gnu++0x";
				CLANG_CXX_LIBRARY = "libc++";
				CLANG_ENABLE_MODULES = YES;
				CLANG_ENABLE_OBJC_ARC = YES;
				CLANG_WARN_BOOL_CONVERSION = YES;
				CLANG_WARN_CONSTANT_CONVERSION = YES;
				CLANG_WARN_DIRECT_OBJC_ISA_USAGE = YES_ERROR;
				CLANG_WARN_EMPTY_BODY = YES;
				CLANG_WARN_ENUM_CONVERSION = YES;
				CLANG_WARN_INT_CONVERSION = YES;
				CLANG_WARN_OBJC_ROOT_CLASS = YES_ERROR;
				CLANG_WARN_UNREACHABLE_CODE = YES;
				CLANG_WARN__DUPLICATE_METHOD_MATCH = YES;
				"CODE_SIGN_IDENTITY[sdk=iphoneos*]" = "iPhone Developer";
				COPY_PHASE_STRIP = NO;
				ENABLE_STRICT_OBJC_MSGSEND = YES;
				GCC_C_LANGUAGE_STANDARD = gnu99;
				GCC_DYNAMIC_NO_PIC = NO;
				GCC_OPTIMIZATION_LEVEL = 0;
				GCC_PREPROCESSOR_DEFINITIONS = (
					"DEBUG=1",
					"$(inherited)",
				);
				GCC_SYMBOLS_PRIVATE_EXTERN = NO;
				GCC_WARN_64_TO_32_BIT_CONVERSION = YES;
				GCC_WARN_ABOUT_RETURN_TYPE = YES_ERROR;
				GCC_WARN_UNDECLARED_SELECTOR = YES;
				GCC_WARN_UNINITIALIZED_AUTOS = YES_AGGRESSIVE;
				GCC_WARN_UNUSED_FUNCTION = YES;
				GCC_WARN_UNUSED_VARIABLE = YES;
				IPHONEOS_DEPLOYMENT_TARGET = 8.0;
				METAL_ENABLE_DEBUG_INFO = YES;
				ONLY_ACTIVE_ARCH = YES;
				SDKROOT = iphoneos;
				SWIFT_OPTIMIZATION_LEVEL = "-Onone";
			};
			name = Debug;
		};
		4221A3ED19CBCBD20016BC47 /* Release */ = {
			isa = XCBuildConfiguration;
			buildSettings = {
				ALWAYS_SEARCH_USER_PATHS = NO;
				CLANG_CXX_LANGUAGE_STANDARD = "gnu++0x";
				CLANG_CXX_LIBRARY = "libc++";
				CLANG_ENABLE_MODULES = YES;
				CLANG_ENABLE_OBJC_ARC = YES;
				CLANG_WARN_BOOL_CONVERSION = YES;
				CLANG_WARN_CONSTANT_CONVERSION = YES;
				CLANG_WARN_DIRECT_OBJC_ISA_USAGE = YES_ERROR;
				CLANG_WARN_EMPTY_BODY = YES;
				CLANG_WARN_ENUM_CONVERSION = YES;
				CLANG_WARN_INT_CONVERSION = YES;
				CLANG_WARN_OBJC_ROOT_CLASS = YES_ERROR;
				CLANG_WARN_UNREACHABLE_CODE = YES;
				CLANG_WARN__DUPLICATE_METHOD_MATCH = YES;
				"CODE_SIGN_IDENTITY[sdk=iphoneos*]" = "iPhone Developer";
				COPY_PHASE_STRIP = YES;
				ENABLE_NS_ASSERTIONS = NO;
				ENABLE_STRICT_OBJC_MSGSEND = YES;
				GCC_C_LANGUAGE_STANDARD = gnu99;
				GCC_WARN_64_TO_32_BIT_CONVERSION = YES;
				GCC_WARN_ABOUT_RETURN_TYPE = YES_ERROR;
				GCC_WARN_UNDECLARED_SELECTOR = YES;
				GCC_WARN_UNINITIALIZED_AUTOS = YES_AGGRESSIVE;
				GCC_WARN_UNUSED_FUNCTION = YES;
				GCC_WARN_UNUSED_VARIABLE = YES;
				IPHONEOS_DEPLOYMENT_TARGET = 8.0;
				METAL_ENABLE_DEBUG_INFO = NO;
				SDKROOT = iphoneos;
				VALIDATE_PRODUCT = YES;
			};
			name = Release;
		};
		4221A3EF19CBCBD20016BC47 /* Debug */ = {
			isa = XCBuildConfiguration;
			buildSettings = {
				ASSETCATALOG_COMPILER_APPICON_NAME = AppIcon;
				ASSETCATALOG_COMPILER_LAUNCHIMAGE_NAME = LaunchImage;
				INFOPLIST_FILE = SwiftApp_2/Info.plist;
				LD_RUNPATH_SEARCH_PATHS = "$(inherited) @executable_path/Frameworks";
				PRODUCT_NAME = "$(TARGET_NAME)";
			};
			name = Debug;
		};
		4221A3F019CBCBD20016BC47 /* Release */ = {
			isa = XCBuildConfiguration;
			buildSettings = {
				ASSETCATALOG_COMPILER_APPICON_NAME = AppIcon;
				ASSETCATALOG_COMPILER_LAUNCHIMAGE_NAME = LaunchImage;
				INFOPLIST_FILE = SwiftApp_2/Info.plist;
				LD_RUNPATH_SEARCH_PATHS = "$(inherited) @executable_path/Frameworks";
				PRODUCT_NAME = "$(TARGET_NAME)";
			};
			name = Release;
		};
		4221A3F219CBCBD20016BC47 /* Debug */ = {
			isa = XCBuildConfiguration;
			buildSettings = {
				BUNDLE_LOADER = "$(BUILT_PRODUCTS_DIR)/SwiftApp_2.app/SwiftApp_2";
				FRAMEWORK_SEARCH_PATHS = (
					"$(SDKROOT)/Developer/Library/Frameworks",
					"$(inherited)",
				);
				GCC_PREPROCESSOR_DEFINITIONS = (
					"DEBUG=1",
					"$(inherited)",
				);
				INFOPLIST_FILE = SwiftApp_2Tests/Info.plist;
				LD_RUNPATH_SEARCH_PATHS = "$(inherited) @executable_path/Frameworks @loader_path/Frameworks";
				METAL_ENABLE_DEBUG_INFO = YES;
				PRODUCT_NAME = "$(TARGET_NAME)";
				TEST_HOST = "$(BUNDLE_LOADER)";
			};
			name = Debug;
		};
		4221A3F319CBCBD20016BC47 /* Release */ = {
			isa = XCBuildConfiguration;
			buildSettings = {
				BUNDLE_LOADER = "$(BUILT_PRODUCTS_DIR)/SwiftApp_2.app/SwiftApp_2";
				FRAMEWORK_SEARCH_PATHS = (
					"$(SDKROOT)/Developer/Library/Frameworks",
					"$(inherited)",
				);
				INFOPLIST_FILE = SwiftApp_2Tests/Info.plist;
				LD_RUNPATH_SEARCH_PATHS = "$(inherited) @executable_path/Frameworks @loader_path/Frameworks";
				METAL_ENABLE_DEBUG_INFO = NO;
				PRODUCT_NAME = "$(TARGET_NAME)";
				TEST_HOST = "$(BUNDLE_LOADER)";
			};
			name = Release;
		};
/* End XCBuildConfiguration section */

/* Begin XCConfigurationList section */
		4221A3CD19CBCBD10016BC47 /* Build configuration list for PBXProject "SwiftApp_2" */ = {
			isa = XCConfigurationList;
			buildConfigurations = (
				4221A3EC19CBCBD20016BC47 /* Debug */,
				4221A3ED19CBCBD20016BC47 /* Release */,
			);
			defaultConfigurationIsVisible = 0;
			defaultConfigurationName = Release;
		};
		4221A3EE19CBCBD20016BC47 /* Build configuration list for PBXNativeTarget "SwiftApp_2" */ = {
			isa = XCConfigurationList;
			buildConfigurations = (
				4221A3EF19CBCBD20016BC47 /* Debug */,
				4221A3F019CBCBD20016BC47 /* Release */,
			);
			defaultConfigurationIsVisible = 0;
		};
		4221A3F119CBCBD20016BC47 /* Build configuration list for PBXNativeTarget "SwiftApp_2Tests" */ = {
			isa = XCConfigurationList;
			buildConfigurations = (
				4221A3F219CBCBD20016BC47 /* Debug */,
				4221A3F319CBCBD20016BC47 /* Release */,
			);
			defaultConfigurationIsVisible = 0;
		};
/* End XCConfigurationList section */
	};
	rootObject = 4221A3CA19CBCBD10016BC47 /* Project object */;
}
